{
  "version": 4,
  "terraform_version": "1.7.3",
  "serial": 130,
  "lineage": "e50b5049-9f07-79b2-9d04-4d50484baa62",
  "outputs": {
    "network": {
      "value": [
        "HMS Host",
        "Rijk Zwaan",
        "HPS Solutions",
        "HPS-Vitalis-T2",
        "test 3",
        "MuniSense VPN netwerk",
        "Algemeen",
        "TRGVPN",
        "TSG - public IP",
        "TSG - public IP",
        "HPS Vitalis",
        "HPS-Mijzo",
        "TSG DT Fixed IP",
        "GPSBuddy",
        "Quinnect-VPN",
        "QuinnectVPN",
        "DPDBE",
        "HPS-Amaliawonen",
        "SPJFIP",
        "FIPTN",
        "NXTCM",
        "HPS-AmaliawonenT2",
        "MuniSense-AWS",
        "AlgemeenT2",
        "HPS-Mijzo-T2",
        "RTS",
        "test-network",
        "test-network",
        "ITgrid"
      ],
      "type": [
        "tuple",
        [
          "string",
          "string",
          "string",
          "string",
          "string",
          "string",
          "string",
          "string",
          "string",
          "string",
          "string",
          "string",
          "string",
          "string",
          "string",
          "string",
          "string",
          "string",
          "string",
          "string",
          "string",
          "string",
          "string",
          "string",
          "string",
          "string",
          "string",
          "string",
          "string"
        ]
      ]
    },
    "test": {
      "value": [
        "http://10.221.185.28:8000/v1/network/2684354560/",
        "http://10.221.185.28:8000/v1/network/3254779904/",
        "http://10.221.185.28:8000/v1/network/2801795072/",
        "http://10.221.185.28:8000/v1/network/2818572288/",
        "http://10.221.185.28:8000/v1/network/2952790016/",
        "http://10.221.185.28:8000/v1/network/2969567232/",
        "http://10.221.185.28:8000/v1/network/3036676096/",
        "http://10.221.185.28:8000/v1/network/3053453312/",
        "http://10.221.185.28:8000/v1/network/3087007744/",
        "http://10.221.185.28:8000/v1/network/3103784960/",
        "http://10.221.185.28:8000/v1/network/3288334336/",
        "http://10.221.185.28:8000/v1/network/3305111552/",
        "http://10.221.185.28:8000/v1/network/3321888768/",
        "http://10.221.185.28:8000/v1/network/3388997632/",
        "http://10.221.185.28:8000/v1/network/2252615342/",
        "http://10.221.185.28:8000/v1/network/3556769792/",
        "http://10.221.185.28:8000/v1/network/3791650816/",
        "http://10.221.185.28:8000/v1/network/3825205248/",
        "http://10.221.185.28:8000/v1/network/2197815296/",
        "http://10.221.185.28:8000/v1/network/2214592512/",
        "http://10.221.185.28:8000/v1/network/2231369728/",
        "http://10.221.185.28:8000/v1/network/2248146944/",
        "http://10.221.185.28:8000/v1/network/2264924160/",
        "http://10.221.185.28:8000/v1/network/2281701376/",
        "http://10.221.185.28:8000/v1/network/2290089984/",
        "http://10.221.185.28:8000/v1/network/2298478592/",
        "http://10.221.185.28:8000/v1/network/2516582400/",
        "http://10.221.185.28:8000/v1/network/2533359616/",
        "http://10.221.185.28:8000/v1/network/2583691264/"
      ],
      "type": [
        "tuple",
        [
          "string",
          "string",
          "string",
          "string",
          "string",
          "string",
          "string",
          "string",
          "string",
          "string",
          "string",
          "string",
          "string",
          "string",
          "string",
          "string",
          "string",
          "string",
          "string",
          "string",
          "string",
          "string",
          "string",
          "string",
          "string",
          "string",
          "string",
          "string",
          "string"
        ]
      ]
    }
  },
  "resources": [
    {
      "mode": "data",
      "type": "http",
      "name": "networks",
      "provider": "provider[\"registry.terraform.io/hashicorp/http\"]",
      "instances": [
        {
          "schema_version": 0,
          "attributes": {
            "body": "[{\"url\":\"http://10.221.185.28:8000/v1/network/2684354560/\",\"name\":\"HMS Host\",\"iotCustomerId\":\"Nmanueelsamimport10002684354560\",\"colibriNetworkId\":2684354560,\"apn\":\"sam.iot-provider.com\",\"operator\":\"24007\",\"dns1\":\"8.8.8.8\",\"dns2\":\"8.8.4.4\"},{\"url\":\"http://10.221.185.28:8000/v1/network/3254779904/\",\"name\":\"Rijk Zwaan\",\"iotCustomerId\":\"Nmanueelsamimport10003254779904\",\"colibriNetworkId\":3254779904,\"apn\":\"sam.iot-provider.com\",\"operator\":\"24007\",\"dns1\":\"10.8.100.11\",\"dns2\":\"10.8.100.12\"},{\"url\":\"http://10.221.185.28:8000/v1/network/2801795072/\",\"name\":\"HPS Solutions\",\"iotCustomerId\":\"Nmanueelsamimport30002801795072\",\"colibriNetworkId\":2801795072,\"apn\":\"dev.iot-provider.com\",\"operator\":\"24007\",\"dns1\":\"8.8.8.8\",\"dns2\":\"8.8.4.4\"},{\"url\":\"http://10.221.185.28:8000/v1/network/2818572288/\",\"name\":\"HPS-Vitalis-T2\",\"iotCustomerId\":\"Nmanueelsamimport40002818572288\",\"colibriNetworkId\":2818572288,\"apn\":\"sam.iot-provider.com\",\"operator\":\"24007\",\"dns1\":\"8.8.8.8\",\"dns2\":\"8.8.4.4\"},{\"url\":\"http://10.221.185.28:8000/v1/network/2952790016/\",\"name\":\"test 3\",\"iotCustomerId\":\"Na63pw2t8oiog0gcskcgw4kg88kswc4gX\",\"colibriNetworkId\":2952790016,\"apn\":\"dev.iot-provider.com\",\"operator\":\"24007\",\"dns1\":\"8.8.8.8\",\"dns2\":\"8.8.4.4\"},{\"url\":\"http://10.221.185.28:8000/v1/network/2969567232/\",\"name\":\"MuniSense VPN netwerk\",\"iotCustomerId\":\"Nc8e319g80hcs0g8ssksgkg4o0gwgkg4X\",\"colibriNetworkId\":2969567232,\"apn\":\"sam.iot-provider.com\",\"operator\":\"90140\",\"dns1\":\"213.189.29.187\",\"dns2\":\"89.104.166.219\"},{\"url\":\"http://10.221.185.28:8000/v1/network/3036676096/\",\"name\":\"Algemeen\",\"iotCustomerId\":\"Ngd9rt8w5azkgggosgocc0kw8ow080w8X\",\"colibriNetworkId\":3036676096,\"apn\":\"sam.iot-provider.com\",\"operator\":\"90140\",\"dns1\":\"1.1.1.1\",\"dns2\":\"1.0.0.1\"},{\"url\":\"http://10.221.185.28:8000/v1/network/3053453312/\",\"name\":\"TRGVPN\",\"iotCustomerId\":\"Nl4et43rspdcskgg0ggo0c4gc4gwww4kX\",\"colibriNetworkId\":3053453312,\"apn\":\"sam.iot-provider.com\",\"operator\":\"90140\",\"dns1\":\"1.1.1.1\",\"dns2\":\"1.0.0.1\"},{\"url\":\"http://10.221.185.28:8000/v1/network/3087007744/\",\"name\":\"TSG - public IP\",\"iotCustomerId\":\"N2yyky0tqeu04c8ooo4cks408cw0o4gsX\",\"colibriNetworkId\":3087007744,\"apn\":\"dev.iot-provider.com\",\"operator\":\"24007\",\"dns1\":\"1.1.1.1\",\"dns2\":\"1.0.0.1\"},{\"url\":\"http://10.221.185.28:8000/v1/network/3103784960/\",\"name\":\"TSG - public IP\",\"iotCustomerId\":\"Nmanueelsamimport50003103784960\",\"colibriNetworkId\":3103784960,\"apn\":\"sam.iot-provider.com\",\"operator\":\"24007\",\"dns1\":\"1.1.1.1\",\"dns2\":\"1.0.0.1\"},{\"url\":\"http://10.221.185.28:8000/v1/network/3288334336/\",\"name\":\"HPS Vitalis\",\"iotCustomerId\":\"Nmanueelsamimport60003288334336\",\"colibriNetworkId\":3288334336,\"apn\":\"sam.iot-provider.com\",\"operator\":\"90140\",\"dns1\":\"8.8.8.8\",\"dns2\":\"8.8.4.4\"},{\"url\":\"http://10.221.185.28:8000/v1/network/3305111552/\",\"name\":\"HPS-Mijzo\",\"iotCustomerId\":\"Ntqvk63i50vkosw4w40gw4og8wkc00s0X\",\"colibriNetworkId\":3305111552,\"apn\":\"sam.iot-provider.com\",\"operator\":\"90140\",\"dns1\":\"8.8.8.8\",\"dns2\":\"8.8.4.4\"},{\"url\":\"http://10.221.185.28:8000/v1/network/3321888768/\",\"name\":\"TSG DT Fixed IP\",\"iotCustomerId\":\"Ngalw7qdqacggoskww44844s8sco8sscX\",\"colibriNetworkId\":3321888768,\"apn\":\"sam.iot-provider.com\",\"operator\":\"90140\",\"dns1\":\"8.8.8.8\",\"dns2\":\"4.4.4.4\"},{\"url\":\"http://10.221.185.28:8000/v1/network/3388997632/\",\"name\":\"GPSBuddy\",\"iotCustomerId\":\"N60wxkq0a9kgswokkck4w8k08oww4g4oX\",\"colibriNetworkId\":3388997632,\"apn\":\"sam.iot-provider.com\",\"operator\":\"90140\",\"dns1\":\"8.8.8.8\",\"dns2\":\"8.8.4.4\"},{\"url\":\"http://10.221.185.28:8000/v1/network/2252615342/\",\"name\":\"Quinnect-VPN\",\"iotCustomerId\":\"Nsy1q5rqcb688kws8888w0gcw0ks80osX_\",\"colibriNetworkId\":2252615342,\"apn\":\"sam.iot-provider.com\",\"operator\":\"24007\",\"dns1\":\"8.8.8.8\",\"dns2\":\"8.8.4.4\"},{\"url\":\"http://10.221.185.28:8000/v1/network/3556769792/\",\"name\":\"QuinnectVPN\",\"iotCustomerId\":\"Nglzuimp2448c8o04kcs4cs80wwkgw40X\",\"colibriNetworkId\":3556769792,\"apn\":\"sam.iot-provider.com\",\"operator\":\"90140\",\"dns1\":\"8.8.8.8\",\"dns2\":\"8.8.4.4\"},{\"url\":\"http://10.221.185.28:8000/v1/network/3791650816/\",\"name\":\"DPDBE\",\"iotCustomerId\":\"Ngekfp3nkin4gcos84ww84cwoggk080cX\",\"colibriNetworkId\":3791650816,\"apn\":\"sam.iot-provider.com\",\"operator\":\"24007\",\"dns1\":\"10.68.63.11\",\"dns2\":\"10.68.63.12\"},{\"url\":\"http://10.221.185.28:8000/v1/network/3825205248/\",\"name\":\"HPS-Amaliawonen\",\"iotCustomerId\":\"N20nukxa6racggwgk80sskg4owssckwcX\",\"colibriNetworkId\":3825205248,\"apn\":\"sam.iot-provider.com\",\"operator\":\"90140\",\"dns1\":\"8.8.8.8\",\"dns2\":\"8.8.4.4\"},{\"url\":\"http://10.221.185.28:8000/v1/network/2197815296/\",\"name\":\"SPJFIP\",\"iotCustomerId\":\"Njkjh269i8c8wckocw40kg48ssg4gso8X\",\"colibriNetworkId\":2197815296,\"apn\":\"sam.iot-provider.com\",\"operator\":\"24007\",\"dns1\":\"8.8.8.8\",\"dns2\":\"8.8.4.4\"},{\"url\":\"http://10.221.185.28:8000/v1/network/2214592512/\",\"name\":\"FIPTN\",\"iotCustomerId\":\"Niuszeudzrzks88sco4w4cg48cs8gs4wX\",\"colibriNetworkId\":2214592512,\"apn\":\"sam.iot-provider.com\",\"operator\":\"24007\",\"dns1\":\"8.8.8.8\",\"dns2\":\"8.8.4.4\"},{\"url\":\"http://10.221.185.28:8000/v1/network/2231369728/\",\"name\":\"NXTCM\",\"iotCustomerId\":\"Ngezwvsuidh4w4o0c8sscg0cwck0w0kcX\",\"colibriNetworkId\":2231369728,\"apn\":\"sam.iot-provider.com\",\"operator\":\"24007\",\"dns1\":\"10.200.0.6\",\"dns2\":\"10.200.0.7\"},{\"url\":\"http://10.221.185.28:8000/v1/network/2248146944/\",\"name\":\"HPS-AmaliawonenT2\",\"iotCustomerId\":\"N5mnyttbxj0so8w4sog8k084cs0ssc80X\",\"colibriNetworkId\":2248146944,\"apn\":\"sam.iot-provider.com\",\"operator\":\"24007\",\"dns1\":\"8.8.8.8\",\"dns2\":\"8.8.4.4\"},{\"url\":\"http://10.221.185.28:8000/v1/network/2264924160/\",\"name\":\"MuniSense-AWS\",\"iotCustomerId\":\"Nd1881wzdz9s8c48osoccc4gwwokc0c0X\",\"colibriNetworkId\":2264924160,\"apn\":\"sam.iot-provider.com\",\"operator\":\"90140\",\"dns1\":\"8.8.8.8\",\"dns2\":\"1.1.1.1\"},{\"url\":\"http://10.221.185.28:8000/v1/network/2281701376/\",\"name\":\"AlgemeenT2\",\"iotCustomerId\":\"Nm2qql3qtj1cg4gok84o04woo0s0c0ksX\",\"colibriNetworkId\":2281701376,\"apn\":\"sam.iot-provider.com\",\"operator\":\"24007\",\"dns1\":\"8.8.8.8\",\"dns2\":\"8.8.4.4\"},{\"url\":\"http://10.221.185.28:8000/v1/network/2290089984/\",\"name\":\"HPS-Mijzo-T2\",\"iotCustomerId\":\"Nj6080w4zzbk8k0sow4gsg808g8k04kwX\",\"colibriNetworkId\":2290089984,\"apn\":\"sam.iot-provider.com\",\"operator\":\"24007\",\"dns1\":\"8.8.8.8\",\"dns2\":\"8.8.4.4\"},{\"url\":\"http://10.221.185.28:8000/v1/network/2298478592/\",\"name\":\"RTS\",\"iotCustomerId\":\"N1yydubp3cndwwoosc08oscow0cogw8cX\",\"colibriNetworkId\":2298478592,\"apn\":\"sam.iot-provider.com\",\"operator\":\"24007\",\"dns1\":\"8.8.8.8\",\"dns2\":\"8.8.4.4\"},{\"url\":\"http://10.221.185.28:8000/v1/network/2516582400/\",\"name\":\"test-network\",\"iotCustomerId\":\"123456\",\"colibriNetworkId\":2516582400,\"apn\":\"sam.iot-provider.com\",\"operator\":\"24007\",\"dns1\":\"8.8.8.8\",\"dns2\":\"1.1.1.1\"},{\"url\":\"http://10.221.185.28:8000/v1/network/2533359616/\",\"name\":\"test-network\",\"iotCustomerId\":\"123456\",\"colibriNetworkId\":2533359616,\"apn\":\"sam.iot-provider.com\",\"operator\":\"24007\",\"dns1\":\"8.8.8.8\",\"dns2\":\"1.1.1.1\"},{\"url\":\"http://10.221.185.28:8000/v1/network/2583691264/\",\"name\":\"ITgrid\",\"iotCustomerId\":\"Njbdnrdkbq2gwookowcc8o04wco08oskX\",\"colibriNetworkId\":2583691264,\"apn\":\"sam.iot-provider.com\",\"operator\":\"90140\",\"dns1\":\"8.8.8.8\",\"dns2\":\"8.8.4.4\"}]",
            "ca_cert_pem": null,
            "id": "http://10.221.185.28:8000/v1/network/",
            "insecure": null,
            "method": "GET",
            "request_body": null,
            "request_headers": null,
            "request_timeout_ms": null,
            "response_body": "[{\"url\":\"http://10.221.185.28:8000/v1/network/2684354560/\",\"name\":\"HMS Host\",\"iotCustomerId\":\"Nmanueelsamimport10002684354560\",\"colibriNetworkId\":2684354560,\"apn\":\"sam.iot-provider.com\",\"operator\":\"24007\",\"dns1\":\"8.8.8.8\",\"dns2\":\"8.8.4.4\"},{\"url\":\"http://10.221.185.28:8000/v1/network/3254779904/\",\"name\":\"Rijk Zwaan\",\"iotCustomerId\":\"Nmanueelsamimport10003254779904\",\"colibriNetworkId\":3254779904,\"apn\":\"sam.iot-provider.com\",\"operator\":\"24007\",\"dns1\":\"10.8.100.11\",\"dns2\":\"10.8.100.12\"},{\"url\":\"http://10.221.185.28:8000/v1/network/2801795072/\",\"name\":\"HPS Solutions\",\"iotCustomerId\":\"Nmanueelsamimport30002801795072\",\"colibriNetworkId\":2801795072,\"apn\":\"dev.iot-provider.com\",\"operator\":\"24007\",\"dns1\":\"8.8.8.8\",\"dns2\":\"8.8.4.4\"},{\"url\":\"http://10.221.185.28:8000/v1/network/2818572288/\",\"name\":\"HPS-Vitalis-T2\",\"iotCustomerId\":\"Nmanueelsamimport40002818572288\",\"colibriNetworkId\":2818572288,\"apn\":\"sam.iot-provider.com\",\"operator\":\"24007\",\"dns1\":\"8.8.8.8\",\"dns2\":\"8.8.4.4\"},{\"url\":\"http://10.221.185.28:8000/v1/network/2952790016/\",\"name\":\"test 3\",\"iotCustomerId\":\"Na63pw2t8oiog0gcskcgw4kg88kswc4gX\",\"colibriNetworkId\":2952790016,\"apn\":\"dev.iot-provider.com\",\"operator\":\"24007\",\"dns1\":\"8.8.8.8\",\"dns2\":\"8.8.4.4\"},{\"url\":\"http://10.221.185.28:8000/v1/network/2969567232/\",\"name\":\"MuniSense VPN netwerk\",\"iotCustomerId\":\"Nc8e319g80hcs0g8ssksgkg4o0gwgkg4X\",\"colibriNetworkId\":2969567232,\"apn\":\"sam.iot-provider.com\",\"operator\":\"90140\",\"dns1\":\"213.189.29.187\",\"dns2\":\"89.104.166.219\"},{\"url\":\"http://10.221.185.28:8000/v1/network/3036676096/\",\"name\":\"Algemeen\",\"iotCustomerId\":\"Ngd9rt8w5azkgggosgocc0kw8ow080w8X\",\"colibriNetworkId\":3036676096,\"apn\":\"sam.iot-provider.com\",\"operator\":\"90140\",\"dns1\":\"1.1.1.1\",\"dns2\":\"1.0.0.1\"},{\"url\":\"http://10.221.185.28:8000/v1/network/3053453312/\",\"name\":\"TRGVPN\",\"iotCustomerId\":\"Nl4et43rspdcskgg0ggo0c4gc4gwww4kX\",\"colibriNetworkId\":3053453312,\"apn\":\"sam.iot-provider.com\",\"operator\":\"90140\",\"dns1\":\"1.1.1.1\",\"dns2\":\"1.0.0.1\"},{\"url\":\"http://10.221.185.28:8000/v1/network/3087007744/\",\"name\":\"TSG - public IP\",\"iotCustomerId\":\"N2yyky0tqeu04c8ooo4cks408cw0o4gsX\",\"colibriNetworkId\":3087007744,\"apn\":\"dev.iot-provider.com\",\"operator\":\"24007\",\"dns1\":\"1.1.1.1\",\"dns2\":\"1.0.0.1\"},{\"url\":\"http://10.221.185.28:8000/v1/network/3103784960/\",\"name\":\"TSG - public IP\",\"iotCustomerId\":\"Nmanueelsamimport50003103784960\",\"colibriNetworkId\":3103784960,\"apn\":\"sam.iot-provider.com\",\"operator\":\"24007\",\"dns1\":\"1.1.1.1\",\"dns2\":\"1.0.0.1\"},{\"url\":\"http://10.221.185.28:8000/v1/network/3288334336/\",\"name\":\"HPS Vitalis\",\"iotCustomerId\":\"Nmanueelsamimport60003288334336\",\"colibriNetworkId\":3288334336,\"apn\":\"sam.iot-provider.com\",\"operator\":\"90140\",\"dns1\":\"8.8.8.8\",\"dns2\":\"8.8.4.4\"},{\"url\":\"http://10.221.185.28:8000/v1/network/3305111552/\",\"name\":\"HPS-Mijzo\",\"iotCustomerId\":\"Ntqvk63i50vkosw4w40gw4og8wkc00s0X\",\"colibriNetworkId\":3305111552,\"apn\":\"sam.iot-provider.com\",\"operator\":\"90140\",\"dns1\":\"8.8.8.8\",\"dns2\":\"8.8.4.4\"},{\"url\":\"http://10.221.185.28:8000/v1/network/3321888768/\",\"name\":\"TSG DT Fixed IP\",\"iotCustomerId\":\"Ngalw7qdqacggoskww44844s8sco8sscX\",\"colibriNetworkId\":3321888768,\"apn\":\"sam.iot-provider.com\",\"operator\":\"90140\",\"dns1\":\"8.8.8.8\",\"dns2\":\"4.4.4.4\"},{\"url\":\"http://10.221.185.28:8000/v1/network/3388997632/\",\"name\":\"GPSBuddy\",\"iotCustomerId\":\"N60wxkq0a9kgswokkck4w8k08oww4g4oX\",\"colibriNetworkId\":3388997632,\"apn\":\"sam.iot-provider.com\",\"operator\":\"90140\",\"dns1\":\"8.8.8.8\",\"dns2\":\"8.8.4.4\"},{\"url\":\"http://10.221.185.28:8000/v1/network/2252615342/\",\"name\":\"Quinnect-VPN\",\"iotCustomerId\":\"Nsy1q5rqcb688kws8888w0gcw0ks80osX_\",\"colibriNetworkId\":2252615342,\"apn\":\"sam.iot-provider.com\",\"operator\":\"24007\",\"dns1\":\"8.8.8.8\",\"dns2\":\"8.8.4.4\"},{\"url\":\"http://10.221.185.28:8000/v1/network/3556769792/\",\"name\":\"QuinnectVPN\",\"iotCustomerId\":\"Nglzuimp2448c8o04kcs4cs80wwkgw40X\",\"colibriNetworkId\":3556769792,\"apn\":\"sam.iot-provider.com\",\"operator\":\"90140\",\"dns1\":\"8.8.8.8\",\"dns2\":\"8.8.4.4\"},{\"url\":\"http://10.221.185.28:8000/v1/network/3791650816/\",\"name\":\"DPDBE\",\"iotCustomerId\":\"Ngekfp3nkin4gcos84ww84cwoggk080cX\",\"colibriNetworkId\":3791650816,\"apn\":\"sam.iot-provider.com\",\"operator\":\"24007\",\"dns1\":\"10.68.63.11\",\"dns2\":\"10.68.63.12\"},{\"url\":\"http://10.221.185.28:8000/v1/network/3825205248/\",\"name\":\"HPS-Amaliawonen\",\"iotCustomerId\":\"N20nukxa6racggwgk80sskg4owssckwcX\",\"colibriNetworkId\":3825205248,\"apn\":\"sam.iot-provider.com\",\"operator\":\"90140\",\"dns1\":\"8.8.8.8\",\"dns2\":\"8.8.4.4\"},{\"url\":\"http://10.221.185.28:8000/v1/network/2197815296/\",\"name\":\"SPJFIP\",\"iotCustomerId\":\"Njkjh269i8c8wckocw40kg48ssg4gso8X\",\"colibriNetworkId\":2197815296,\"apn\":\"sam.iot-provider.com\",\"operator\":\"24007\",\"dns1\":\"8.8.8.8\",\"dns2\":\"8.8.4.4\"},{\"url\":\"http://10.221.185.28:8000/v1/network/2214592512/\",\"name\":\"FIPTN\",\"iotCustomerId\":\"Niuszeudzrzks88sco4w4cg48cs8gs4wX\",\"colibriNetworkId\":2214592512,\"apn\":\"sam.iot-provider.com\",\"operator\":\"24007\",\"dns1\":\"8.8.8.8\",\"dns2\":\"8.8.4.4\"},{\"url\":\"http://10.221.185.28:8000/v1/network/2231369728/\",\"name\":\"NXTCM\",\"iotCustomerId\":\"Ngezwvsuidh4w4o0c8sscg0cwck0w0kcX\",\"colibriNetworkId\":2231369728,\"apn\":\"sam.iot-provider.com\",\"operator\":\"24007\",\"dns1\":\"10.200.0.6\",\"dns2\":\"10.200.0.7\"},{\"url\":\"http://10.221.185.28:8000/v1/network/2248146944/\",\"name\":\"HPS-AmaliawonenT2\",\"iotCustomerId\":\"N5mnyttbxj0so8w4sog8k084cs0ssc80X\",\"colibriNetworkId\":2248146944,\"apn\":\"sam.iot-provider.com\",\"operator\":\"24007\",\"dns1\":\"8.8.8.8\",\"dns2\":\"8.8.4.4\"},{\"url\":\"http://10.221.185.28:8000/v1/network/2264924160/\",\"name\":\"MuniSense-AWS\",\"iotCustomerId\":\"Nd1881wzdz9s8c48osoccc4gwwokc0c0X\",\"colibriNetworkId\":2264924160,\"apn\":\"sam.iot-provider.com\",\"operator\":\"90140\",\"dns1\":\"8.8.8.8\",\"dns2\":\"1.1.1.1\"},{\"url\":\"http://10.221.185.28:8000/v1/network/2281701376/\",\"name\":\"AlgemeenT2\",\"iotCustomerId\":\"Nm2qql3qtj1cg4gok84o04woo0s0c0ksX\",\"colibriNetworkId\":2281701376,\"apn\":\"sam.iot-provider.com\",\"operator\":\"24007\",\"dns1\":\"8.8.8.8\",\"dns2\":\"8.8.4.4\"},{\"url\":\"http://10.221.185.28:8000/v1/network/2290089984/\",\"name\":\"HPS-Mijzo-T2\",\"iotCustomerId\":\"Nj6080w4zzbk8k0sow4gsg808g8k04kwX\",\"colibriNetworkId\":2290089984,\"apn\":\"sam.iot-provider.com\",\"operator\":\"24007\",\"dns1\":\"8.8.8.8\",\"dns2\":\"8.8.4.4\"},{\"url\":\"http://10.221.185.28:8000/v1/network/2298478592/\",\"name\":\"RTS\",\"iotCustomerId\":\"N1yydubp3cndwwoosc08oscow0cogw8cX\",\"colibriNetworkId\":2298478592,\"apn\":\"sam.iot-provider.com\",\"operator\":\"24007\",\"dns1\":\"8.8.8.8\",\"dns2\":\"8.8.4.4\"},{\"url\":\"http://10.221.185.28:8000/v1/network/2516582400/\",\"name\":\"test-network\",\"iotCustomerId\":\"123456\",\"colibriNetworkId\":2516582400,\"apn\":\"sam.iot-provider.com\",\"operator\":\"24007\",\"dns1\":\"8.8.8.8\",\"dns2\":\"1.1.1.1\"},{\"url\":\"http://10.221.185.28:8000/v1/network/2533359616/\",\"name\":\"test-network\",\"iotCustomerId\":\"123456\",\"colibriNetworkId\":2533359616,\"apn\":\"sam.iot-provider.com\",\"operator\":\"24007\",\"dns1\":\"8.8.8.8\",\"dns2\":\"1.1.1.1\"},{\"url\":\"http://10.221.185.28:8000/v1/network/2583691264/\",\"name\":\"ITgrid\",\"iotCustomerId\":\"Njbdnrdkbq2gwookowcc8o04wco08oskX\",\"colibriNetworkId\":2583691264,\"apn\":\"sam.iot-provider.com\",\"operator\":\"90140\",\"dns1\":\"8.8.8.8\",\"dns2\":\"8.8.4.4\"}]",
            "response_body_base64": "W3sidXJsIjoiaHR0cDovLzEwLjIyMS4xODUuMjg6ODAwMC92MS9uZXR3b3JrLzI2ODQzNTQ1NjAvIiwibmFtZSI6IkhNUyBIb3N0IiwiaW90Q3VzdG9tZXJJZCI6Ik5tYW51ZWVsc2FtaW1wb3J0MTAwMDI2ODQzNTQ1NjAiLCJjb2xpYnJpTmV0d29ya0lkIjoyNjg0MzU0NTYwLCJhcG4iOiJzYW0uaW90LXByb3ZpZGVyLmNvbSIsIm9wZXJhdG9yIjoiMjQwMDciLCJkbnMxIjoiOC44LjguOCIsImRuczIiOiI4LjguNC40In0seyJ1cmwiOiJodHRwOi8vMTAuMjIxLjE4NS4yODo4MDAwL3YxL25ldHdvcmsvMzI1NDc3OTkwNC8iLCJuYW1lIjoiUmlqayBad2FhbiIsImlvdEN1c3RvbWVySWQiOiJObWFudWVlbHNhbWltcG9ydDEwMDAzMjU0Nzc5OTA0IiwiY29saWJyaU5ldHdvcmtJZCI6MzI1NDc3OTkwNCwiYXBuIjoic2FtLmlvdC1wcm92aWRlci5jb20iLCJvcGVyYXRvciI6IjI0MDA3IiwiZG5zMSI6IjEwLjguMTAwLjExIiwiZG5zMiI6IjEwLjguMTAwLjEyIn0seyJ1cmwiOiJodHRwOi8vMTAuMjIxLjE4NS4yODo4MDAwL3YxL25ldHdvcmsvMjgwMTc5NTA3Mi8iLCJuYW1lIjoiSFBTIFNvbHV0aW9ucyIsImlvdEN1c3RvbWVySWQiOiJObWFudWVlbHNhbWltcG9ydDMwMDAyODAxNzk1MDcyIiwiY29saWJyaU5ldHdvcmtJZCI6MjgwMTc5NTA3MiwiYXBuIjoiZGV2LmlvdC1wcm92aWRlci5jb20iLCJvcGVyYXRvciI6IjI0MDA3IiwiZG5zMSI6IjguOC44LjgiLCJkbnMyIjoiOC44LjQuNCJ9LHsidXJsIjoiaHR0cDovLzEwLjIyMS4xODUuMjg6ODAwMC92MS9uZXR3b3JrLzI4MTg1NzIyODgvIiwibmFtZSI6IkhQUy1WaXRhbGlzLVQyIiwiaW90Q3VzdG9tZXJJZCI6Ik5tYW51ZWVsc2FtaW1wb3J0NDAwMDI4MTg1NzIyODgiLCJjb2xpYnJpTmV0d29ya0lkIjoyODE4NTcyMjg4LCJhcG4iOiJzYW0uaW90LXByb3ZpZGVyLmNvbSIsIm9wZXJhdG9yIjoiMjQwMDciLCJkbnMxIjoiOC44LjguOCIsImRuczIiOiI4LjguNC40In0seyJ1cmwiOiJodHRwOi8vMTAuMjIxLjE4NS4yODo4MDAwL3YxL25ldHdvcmsvMjk1Mjc5MDAxNi8iLCJuYW1lIjoidGVzdCAzIiwiaW90Q3VzdG9tZXJJZCI6Ik5hNjNwdzJ0OG9pb2cwZ2Nza2NndzRrZzg4a3N3YzRnWCIsImNvbGlicmlOZXR3b3JrSWQiOjI5NTI3OTAwMTYsImFwbiI6ImRldi5pb3QtcHJvdmlkZXIuY29tIiwib3BlcmF0b3IiOiIyNDAwNyIsImRuczEiOiI4LjguOC44IiwiZG5zMiI6IjguOC40LjQifSx7InVybCI6Imh0dHA6Ly8xMC4yMjEuMTg1LjI4OjgwMDAvdjEvbmV0d29yay8yOTY5NTY3MjMyLyIsIm5hbWUiOiJNdW5pU2Vuc2UgVlBOIG5ldHdlcmsiLCJpb3RDdXN0b21lcklkIjoiTmM4ZTMxOWc4MGhjczBnOHNza3Nna2c0bzBnd2drZzRYIiwiY29saWJyaU5ldHdvcmtJZCI6Mjk2OTU2NzIzMiwiYXBuIjoic2FtLmlvdC1wcm92aWRlci5jb20iLCJvcGVyYXRvciI6IjkwMTQwIiwiZG5zMSI6IjIxMy4xODkuMjkuMTg3IiwiZG5zMiI6Ijg5LjEwNC4xNjYuMjE5In0seyJ1cmwiOiJodHRwOi8vMTAuMjIxLjE4NS4yODo4MDAwL3YxL25ldHdvcmsvMzAzNjY3NjA5Ni8iLCJuYW1lIjoiQWxnZW1lZW4iLCJpb3RDdXN0b21lcklkIjoiTmdkOXJ0OHc1YXprZ2dnb3Nnb2NjMGt3OG93MDgwdzhYIiwiY29saWJyaU5ldHdvcmtJZCI6MzAzNjY3NjA5NiwiYXBuIjoic2FtLmlvdC1wcm92aWRlci5jb20iLCJvcGVyYXRvciI6IjkwMTQwIiwiZG5zMSI6IjEuMS4xLjEiLCJkbnMyIjoiMS4wLjAuMSJ9LHsidXJsIjoiaHR0cDovLzEwLjIyMS4xODUuMjg6ODAwMC92MS9uZXR3b3JrLzMwNTM0NTMzMTIvIiwibmFtZSI6IlRSR1ZQTiIsImlvdEN1c3RvbWVySWQiOiJObDRldDQzcnNwZGNza2dnMGdnbzBjNGdjNGd3d3c0a1giLCJjb2xpYnJpTmV0d29ya0lkIjozMDUzNDUzMzEyLCJhcG4iOiJzYW0uaW90LXByb3ZpZGVyLmNvbSIsIm9wZXJhdG9yIjoiOTAxNDAiLCJkbnMxIjoiMS4xLjEuMSIsImRuczIiOiIxLjAuMC4xIn0seyJ1cmwiOiJodHRwOi8vMTAuMjIxLjE4NS4yODo4MDAwL3YxL25ldHdvcmsvMzA4NzAwNzc0NC8iLCJuYW1lIjoiVFNHIC0gcHVibGljIElQIiwiaW90Q3VzdG9tZXJJZCI6Ik4yeXlreTB0cWV1MDRjOG9vbzRja3M0MDhjdzBvNGdzWCIsImNvbGlicmlOZXR3b3JrSWQiOjMwODcwMDc3NDQsImFwbiI6ImRldi5pb3QtcHJvdmlkZXIuY29tIiwib3BlcmF0b3IiOiIyNDAwNyIsImRuczEiOiIxLjEuMS4xIiwiZG5zMiI6IjEuMC4wLjEifSx7InVybCI6Imh0dHA6Ly8xMC4yMjEuMTg1LjI4OjgwMDAvdjEvbmV0d29yay8zMTAzNzg0OTYwLyIsIm5hbWUiOiJUU0cgLSBwdWJsaWMgSVAiLCJpb3RDdXN0b21lcklkIjoiTm1hbnVlZWxzYW1pbXBvcnQ1MDAwMzEwMzc4NDk2MCIsImNvbGlicmlOZXR3b3JrSWQiOjMxMDM3ODQ5NjAsImFwbiI6InNhbS5pb3QtcHJvdmlkZXIuY29tIiwib3BlcmF0b3IiOiIyNDAwNyIsImRuczEiOiIxLjEuMS4xIiwiZG5zMiI6IjEuMC4wLjEifSx7InVybCI6Imh0dHA6Ly8xMC4yMjEuMTg1LjI4OjgwMDAvdjEvbmV0d29yay8zMjg4MzM0MzM2LyIsIm5hbWUiOiJIUFMgVml0YWxpcyIsImlvdEN1c3RvbWVySWQiOiJObWFudWVlbHNhbWltcG9ydDYwMDAzMjg4MzM0MzM2IiwiY29saWJyaU5ldHdvcmtJZCI6MzI4ODMzNDMzNiwiYXBuIjoic2FtLmlvdC1wcm92aWRlci5jb20iLCJvcGVyYXRvciI6IjkwMTQwIiwiZG5zMSI6IjguOC44LjgiLCJkbnMyIjoiOC44LjQuNCJ9LHsidXJsIjoiaHR0cDovLzEwLjIyMS4xODUuMjg6ODAwMC92MS9uZXR3b3JrLzMzMDUxMTE1NTIvIiwibmFtZSI6IkhQUy1NaWp6byIsImlvdEN1c3RvbWVySWQiOiJOdHF2azYzaTUwdmtvc3c0dzQwZ3c0b2c4d2tjMDBzMFgiLCJjb2xpYnJpTmV0d29ya0lkIjozMzA1MTExNTUyLCJhcG4iOiJzYW0uaW90LXByb3ZpZGVyLmNvbSIsIm9wZXJhdG9yIjoiOTAxNDAiLCJkbnMxIjoiOC44LjguOCIsImRuczIiOiI4LjguNC40In0seyJ1cmwiOiJodHRwOi8vMTAuMjIxLjE4NS4yODo4MDAwL3YxL25ldHdvcmsvMzMyMTg4ODc2OC8iLCJuYW1lIjoiVFNHIERUIEZpeGVkIElQIiwiaW90Q3VzdG9tZXJJZCI6Ik5nYWx3N3FkcWFjZ2dvc2t3dzQ0ODQ0czhzY284c3NjWCIsImNvbGlicmlOZXR3b3JrSWQiOjMzMjE4ODg3NjgsImFwbiI6InNhbS5pb3QtcHJvdmlkZXIuY29tIiwib3BlcmF0b3IiOiI5MDE0MCIsImRuczEiOiI4LjguOC44IiwiZG5zMiI6IjQuNC40LjQifSx7InVybCI6Imh0dHA6Ly8xMC4yMjEuMTg1LjI4OjgwMDAvdjEvbmV0d29yay8zMzg4OTk3NjMyLyIsIm5hbWUiOiJHUFNCdWRkeSIsImlvdEN1c3RvbWVySWQiOiJONjB3eGtxMGE5a2dzd29ra2NrNHc4azA4b3d3NGc0b1giLCJjb2xpYnJpTmV0d29ya0lkIjozMzg4OTk3NjMyLCJhcG4iOiJzYW0uaW90LXByb3ZpZGVyLmNvbSIsIm9wZXJhdG9yIjoiOTAxNDAiLCJkbnMxIjoiOC44LjguOCIsImRuczIiOiI4LjguNC40In0seyJ1cmwiOiJodHRwOi8vMTAuMjIxLjE4NS4yODo4MDAwL3YxL25ldHdvcmsvMjI1MjYxNTM0Mi8iLCJuYW1lIjoiUXVpbm5lY3QtVlBOIiwiaW90Q3VzdG9tZXJJZCI6Ik5zeTFxNXJxY2I2ODhrd3M4ODg4dzBnY3cwa3M4MG9zWF8iLCJjb2xpYnJpTmV0d29ya0lkIjoyMjUyNjE1MzQyLCJhcG4iOiJzYW0uaW90LXByb3ZpZGVyLmNvbSIsIm9wZXJhdG9yIjoiMjQwMDciLCJkbnMxIjoiOC44LjguOCIsImRuczIiOiI4LjguNC40In0seyJ1cmwiOiJodHRwOi8vMTAuMjIxLjE4NS4yODo4MDAwL3YxL25ldHdvcmsvMzU1Njc2OTc5Mi8iLCJuYW1lIjoiUXVpbm5lY3RWUE4iLCJpb3RDdXN0b21lcklkIjoiTmdsenVpbXAyNDQ4YzhvMDRrY3M0Y3M4MHd3a2d3NDBYIiwiY29saWJyaU5ldHdvcmtJZCI6MzU1Njc2OTc5MiwiYXBuIjoic2FtLmlvdC1wcm92aWRlci5jb20iLCJvcGVyYXRvciI6IjkwMTQwIiwiZG5zMSI6IjguOC44LjgiLCJkbnMyIjoiOC44LjQuNCJ9LHsidXJsIjoiaHR0cDovLzEwLjIyMS4xODUuMjg6ODAwMC92MS9uZXR3b3JrLzM3OTE2NTA4MTYvIiwibmFtZSI6IkRQREJFIiwiaW90Q3VzdG9tZXJJZCI6Ik5nZWtmcDNua2luNGdjb3M4NHd3ODRjd29nZ2swODBjWCIsImNvbGlicmlOZXR3b3JrSWQiOjM3OTE2NTA4MTYsImFwbiI6InNhbS5pb3QtcHJvdmlkZXIuY29tIiwib3BlcmF0b3IiOiIyNDAwNyIsImRuczEiOiIxMC42OC42My4xMSIsImRuczIiOiIxMC42OC42My4xMiJ9LHsidXJsIjoiaHR0cDovLzEwLjIyMS4xODUuMjg6ODAwMC92MS9uZXR3b3JrLzM4MjUyMDUyNDgvIiwibmFtZSI6IkhQUy1BbWFsaWF3b25lbiIsImlvdEN1c3RvbWVySWQiOiJOMjBudWt4YTZyYWNnZ3dnazgwc3NrZzRvd3NzY2t3Y1giLCJjb2xpYnJpTmV0d29ya0lkIjozODI1MjA1MjQ4LCJhcG4iOiJzYW0uaW90LXByb3ZpZGVyLmNvbSIsIm9wZXJhdG9yIjoiOTAxNDAiLCJkbnMxIjoiOC44LjguOCIsImRuczIiOiI4LjguNC40In0seyJ1cmwiOiJodHRwOi8vMTAuMjIxLjE4NS4yODo4MDAwL3YxL25ldHdvcmsvMjE5NzgxNTI5Ni8iLCJuYW1lIjoiU1BKRklQIiwiaW90Q3VzdG9tZXJJZCI6Ik5qa2poMjY5aThjOHdja29jdzQwa2c0OHNzZzRnc284WCIsImNvbGlicmlOZXR3b3JrSWQiOjIxOTc4MTUyOTYsImFwbiI6InNhbS5pb3QtcHJvdmlkZXIuY29tIiwib3BlcmF0b3IiOiIyNDAwNyIsImRuczEiOiI4LjguOC44IiwiZG5zMiI6IjguOC40LjQifSx7InVybCI6Imh0dHA6Ly8xMC4yMjEuMTg1LjI4OjgwMDAvdjEvbmV0d29yay8yMjE0NTkyNTEyLyIsIm5hbWUiOiJGSVBUTiIsImlvdEN1c3RvbWVySWQiOiJOaXVzemV1ZHpyemtzODhzY280dzRjZzQ4Y3M4Z3M0d1giLCJjb2xpYnJpTmV0d29ya0lkIjoyMjE0NTkyNTEyLCJhcG4iOiJzYW0uaW90LXByb3ZpZGVyLmNvbSIsIm9wZXJhdG9yIjoiMjQwMDciLCJkbnMxIjoiOC44LjguOCIsImRuczIiOiI4LjguNC40In0seyJ1cmwiOiJodHRwOi8vMTAuMjIxLjE4NS4yODo4MDAwL3YxL25ldHdvcmsvMjIzMTM2OTcyOC8iLCJuYW1lIjoiTlhUQ00iLCJpb3RDdXN0b21lcklkIjoiTmdlend2c3VpZGg0dzRvMGM4c3NjZzBjd2NrMHcwa2NYIiwiY29saWJyaU5ldHdvcmtJZCI6MjIzMTM2OTcyOCwiYXBuIjoic2FtLmlvdC1wcm92aWRlci5jb20iLCJvcGVyYXRvciI6IjI0MDA3IiwiZG5zMSI6IjEwLjIwMC4wLjYiLCJkbnMyIjoiMTAuMjAwLjAuNyJ9LHsidXJsIjoiaHR0cDovLzEwLjIyMS4xODUuMjg6ODAwMC92MS9uZXR3b3JrLzIyNDgxNDY5NDQvIiwibmFtZSI6IkhQUy1BbWFsaWF3b25lblQyIiwiaW90Q3VzdG9tZXJJZCI6Ik41bW55dHRieGowc284dzRzb2c4azA4NGNzMHNzYzgwWCIsImNvbGlicmlOZXR3b3JrSWQiOjIyNDgxNDY5NDQsImFwbiI6InNhbS5pb3QtcHJvdmlkZXIuY29tIiwib3BlcmF0b3IiOiIyNDAwNyIsImRuczEiOiI4LjguOC44IiwiZG5zMiI6IjguOC40LjQifSx7InVybCI6Imh0dHA6Ly8xMC4yMjEuMTg1LjI4OjgwMDAvdjEvbmV0d29yay8yMjY0OTI0MTYwLyIsIm5hbWUiOiJNdW5pU2Vuc2UtQVdTIiwiaW90Q3VzdG9tZXJJZCI6Ik5kMTg4MXd6ZHo5czhjNDhvc29jY2M0Z3d3b2tjMGMwWCIsImNvbGlicmlOZXR3b3JrSWQiOjIyNjQ5MjQxNjAsImFwbiI6InNhbS5pb3QtcHJvdmlkZXIuY29tIiwib3BlcmF0b3IiOiI5MDE0MCIsImRuczEiOiI4LjguOC44IiwiZG5zMiI6IjEuMS4xLjEifSx7InVybCI6Imh0dHA6Ly8xMC4yMjEuMTg1LjI4OjgwMDAvdjEvbmV0d29yay8yMjgxNzAxMzc2LyIsIm5hbWUiOiJBbGdlbWVlblQyIiwiaW90Q3VzdG9tZXJJZCI6Ik5tMnFxbDNxdGoxY2c0Z29rODRvMDR3b28wczBjMGtzWCIsImNvbGlicmlOZXR3b3JrSWQiOjIyODE3MDEzNzYsImFwbiI6InNhbS5pb3QtcHJvdmlkZXIuY29tIiwib3BlcmF0b3IiOiIyNDAwNyIsImRuczEiOiI4LjguOC44IiwiZG5zMiI6IjguOC40LjQifSx7InVybCI6Imh0dHA6Ly8xMC4yMjEuMTg1LjI4OjgwMDAvdjEvbmV0d29yay8yMjkwMDg5OTg0LyIsIm5hbWUiOiJIUFMtTWlqem8tVDIiLCJpb3RDdXN0b21lcklkIjoiTmo2MDgwdzR6emJrOGswc293NGdzZzgwOGc4azA0a3dYIiwiY29saWJyaU5ldHdvcmtJZCI6MjI5MDA4OTk4NCwiYXBuIjoic2FtLmlvdC1wcm92aWRlci5jb20iLCJvcGVyYXRvciI6IjI0MDA3IiwiZG5zMSI6IjguOC44LjgiLCJkbnMyIjoiOC44LjQuNCJ9LHsidXJsIjoiaHR0cDovLzEwLjIyMS4xODUuMjg6ODAwMC92MS9uZXR3b3JrLzIyOTg0Nzg1OTIvIiwibmFtZSI6IlJUUyIsImlvdEN1c3RvbWVySWQiOiJOMXl5ZHVicDNjbmR3d29vc2MwOG9zY293MGNvZ3c4Y1giLCJjb2xpYnJpTmV0d29ya0lkIjoyMjk4NDc4NTkyLCJhcG4iOiJzYW0uaW90LXByb3ZpZGVyLmNvbSIsIm9wZXJhdG9yIjoiMjQwMDciLCJkbnMxIjoiOC44LjguOCIsImRuczIiOiI4LjguNC40In0seyJ1cmwiOiJodHRwOi8vMTAuMjIxLjE4NS4yODo4MDAwL3YxL25ldHdvcmsvMjUxNjU4MjQwMC8iLCJuYW1lIjoidGVzdC1uZXR3b3JrIiwiaW90Q3VzdG9tZXJJZCI6IjEyMzQ1NiIsImNvbGlicmlOZXR3b3JrSWQiOjI1MTY1ODI0MDAsImFwbiI6InNhbS5pb3QtcHJvdmlkZXIuY29tIiwib3BlcmF0b3IiOiIyNDAwNyIsImRuczEiOiI4LjguOC44IiwiZG5zMiI6IjEuMS4xLjEifSx7InVybCI6Imh0dHA6Ly8xMC4yMjEuMTg1LjI4OjgwMDAvdjEvbmV0d29yay8yNTMzMzU5NjE2LyIsIm5hbWUiOiJ0ZXN0LW5ldHdvcmsiLCJpb3RDdXN0b21lcklkIjoiMTIzNDU2IiwiY29saWJyaU5ldHdvcmtJZCI6MjUzMzM1OTYxNiwiYXBuIjoic2FtLmlvdC1wcm92aWRlci5jb20iLCJvcGVyYXRvciI6IjI0MDA3IiwiZG5zMSI6IjguOC44LjgiLCJkbnMyIjoiMS4xLjEuMSJ9LHsidXJsIjoiaHR0cDovLzEwLjIyMS4xODUuMjg6ODAwMC92MS9uZXR3b3JrLzI1ODM2OTEyNjQvIiwibmFtZSI6IklUZ3JpZCIsImlvdEN1c3RvbWVySWQiOiJOamJkbnJka2JxMmd3b29rb3djYzhvMDR3Y28wOG9za1giLCJjb2xpYnJpTmV0d29ya0lkIjoyNTgzNjkxMjY0LCJhcG4iOiJzYW0uaW90LXByb3ZpZGVyLmNvbSIsIm9wZXJhdG9yIjoiOTAxNDAiLCJkbnMxIjoiOC44LjguOCIsImRuczIiOiI4LjguNC40In1d",
            "response_headers": {
              "Allow": "GET, POST, HEAD, OPTIONS",
              "Connection": "keep-alive",
              "Content-Length": "7032",
              "Content-Type": "application/json",
              "Date": "Wed, 14 Feb 2024 12:50:43 GMT",
              "Server": "nginx/1.19.0",
              "Vary": "Accept",
              "X-Frame-Options": "SAMEORIGIN"
            },
            "retry": null,
            "status_code": 200,
            "url": "http://10.221.185.28:8000/v1/network/"
          },
          "sensitive_attributes": []
        }
      ]
    },
    {
      "mode": "managed",
      "type": "fortios_firewall_address",
      "name": "test",
      "provider": "provider[\"registry.terraform.io/fortinetdev/fortios\"]",
      "instances": [
        {
          "index_key": "Algemeen",
          "schema_version": 0,
          "attributes": {
            "allow_routing": "disable",
            "associated_interface": "",
            "cache_ttl": 0,
            "clearpass_spt": "unknown",
            "color": 0,
            "comment": "",
            "country": "",
            "dynamic_sort_subtable": "false",
            "end_ip": "",
            "end_mac": "00:00:00:00:00:00",
            "epg_name": "",
            "fabric_object": "disable",
            "filter": "",
            "fqdn": "",
            "fsso_group": [],
            "id": "Algemeen",
            "interface": "",
            "list": [],
            "macaddr": [],
            "name": "Algemeen",
            "node_ip_only": "",
            "obj_id": "",
            "obj_tag": "",
            "obj_type": "ip",
            "organization": "",
            "policy_group": "",
            "sdn": "",
            "sdn_addr_type": "private",
            "sdn_tag": "",
            "start_ip": "",
            "start_mac": "00:00:00:00:00:00",
            "sub_type": "sdn",
            "subnet": "0.0.0.0 0.0.0.0",
            "subnet_name": "",
            "tag_detection_level": "",
            "tag_type": "",
            "tagging": [],
            "tenant": "",
            "type": "ipmask",
            "uuid": "ac748c6e-cb37-51ee-1bba-baa8b0122ae1",
            "vdomparam": null,
            "visibility": "",
            "wildcard": "",
            "wildcard_fqdn": ""
          },
          "sensitive_attributes": [],
          "private": "bnVsbA==",
          "dependencies": [
            "data.http.networks"
          ]
        },
        {
          "index_key": "AlgemeenT2",
          "schema_version": 0,
          "attributes": {
            "allow_routing": "disable",
            "associated_interface": "",
            "cache_ttl": 0,
            "clearpass_spt": "unknown",
            "color": 0,
            "comment": "",
            "country": "",
            "dynamic_sort_subtable": "false",
            "end_ip": "",
            "end_mac": "00:00:00:00:00:00",
            "epg_name": "",
            "fabric_object": "disable",
            "filter": "",
            "fqdn": "",
            "fsso_group": [],
            "id": "AlgemeenT2",
            "interface": "",
            "list": [],
            "macaddr": [],
            "name": "AlgemeenT2",
            "node_ip_only": "",
            "obj_id": "",
            "obj_tag": "",
            "obj_type": "ip",
            "organization": "",
            "policy_group": "",
            "sdn": "",
            "sdn_addr_type": "private",
            "sdn_tag": "",
            "start_ip": "",
            "start_mac": "00:00:00:00:00:00",
            "sub_type": "sdn",
            "subnet": "0.0.0.0 0.0.0.0",
            "subnet_name": "",
            "tag_detection_level": "",
            "tag_type": "",
            "tagging": [],
            "tenant": "",
            "type": "ipmask",
            "uuid": "ac833e12-cb37-51ee-6711-193007f07416",
            "vdomparam": null,
            "visibility": "",
            "wildcard": "",
            "wildcard_fqdn": ""
          },
          "sensitive_attributes": [],
          "private": "bnVsbA==",
          "dependencies": [
            "data.http.networks"
          ]
        },
        {
          "index_key": "DPDBE",
          "schema_version": 0,
          "attributes": {
            "allow_routing": "disable",
            "associated_interface": "",
            "cache_ttl": 0,
            "clearpass_spt": "unknown",
            "color": 0,
            "comment": "",
            "country": "",
            "dynamic_sort_subtable": "false",
            "end_ip": "",
            "end_mac": "00:00:00:00:00:00",
            "epg_name": "",
            "fabric_object": "disable",
            "filter": "",
            "fqdn": "",
            "fsso_group": [],
            "id": "DPDBE",
            "interface": "",
            "list": [],
            "macaddr": [],
            "name": "DPDBE",
            "node_ip_only": "",
            "obj_id": "",
            "obj_tag": "",
            "obj_type": "ip",
            "organization": "",
            "policy_group": "",
            "sdn": "",
            "sdn_addr_type": "private",
            "sdn_tag": "",
            "start_ip": "",
            "start_mac": "00:00:00:00:00:00",
            "sub_type": "sdn",
            "subnet": "0.0.0.0 0.0.0.0",
            "subnet_name": "",
            "tag_detection_level": "",
            "tag_type": "",
            "tagging": [],
            "tenant": "",
            "type": "ipmask",
            "uuid": "ac793688-cb37-51ee-d73e-4e7025d57286",
            "vdomparam": null,
            "visibility": "",
            "wildcard": "",
            "wildcard_fqdn": ""
          },
          "sensitive_attributes": [],
          "private": "bnVsbA==",
          "dependencies": [
            "data.http.networks"
          ]
        },
        {
          "index_key": "FIPTN",
          "schema_version": 0,
          "attributes": {
            "allow_routing": "disable",
            "associated_interface": "",
            "cache_ttl": 0,
            "clearpass_spt": "unknown",
            "color": 0,
            "comment": "",
            "country": "",
            "dynamic_sort_subtable": "false",
            "end_ip": "",
            "end_mac": "00:00:00:00:00:00",
            "epg_name": "",
            "fabric_object": "disable",
            "filter": "",
            "fqdn": "",
            "fsso_group": [],
            "id": "FIPTN",
            "interface": "",
            "list": [],
            "macaddr": [],
            "name": "FIPTN",
            "node_ip_only": "",
            "obj_id": "",
            "obj_tag": "",
            "obj_type": "ip",
            "organization": "",
            "policy_group": "",
            "sdn": "",
            "sdn_addr_type": "private",
            "sdn_tag": "",
            "start_ip": "",
            "start_mac": "00:00:00:00:00:00",
            "sub_type": "sdn",
            "subnet": "0.0.0.0 0.0.0.0",
            "subnet_name": "",
            "tag_detection_level": "",
            "tag_type": "",
            "tagging": [],
            "tenant": "",
            "type": "ipmask",
            "uuid": "ac964930-cb37-51ee-a61a-2ba32d8f448f",
            "vdomparam": null,
            "visibility": "",
            "wildcard": "",
            "wildcard_fqdn": ""
          },
          "sensitive_attributes": [],
          "private": "bnVsbA==",
          "dependencies": [
            "data.http.networks"
          ]
        },
        {
          "index_key": "GPSBuddy",
          "schema_version": 0,
          "attributes": {
            "allow_routing": "disable",
            "associated_interface": "",
            "cache_ttl": 0,
            "clearpass_spt": "unknown",
            "color": 0,
            "comment": "",
            "country": "",
            "dynamic_sort_subtable": "false",
            "end_ip": "",
            "end_mac": "00:00:00:00:00:00",
            "epg_name": "",
            "fabric_object": "disable",
            "filter": "",
            "fqdn": "",
            "fsso_group": [],
            "id": "GPSBuddy",
            "interface": "",
            "list": [],
            "macaddr": [],
            "name": "GPSBuddy",
            "node_ip_only": "",
            "obj_id": "",
            "obj_tag": "",
            "obj_type": "ip",
            "organization": "",
            "policy_group": "",
            "sdn": "",
            "sdn_addr_type": "private",
            "sdn_tag": "",
            "start_ip": "",
            "start_mac": "00:00:00:00:00:00",
            "sub_type": "sdn",
            "subnet": "0.0.0.0 0.0.0.0",
            "subnet_name": "",
            "tag_detection_level": "",
            "tag_type": "",
            "tagging": [],
            "tenant": "",
            "type": "ipmask",
            "uuid": "ac6edc56-cb37-51ee-bf85-9d21ba13f06c",
            "vdomparam": null,
            "visibility": "",
            "wildcard": "",
            "wildcard_fqdn": ""
          },
          "sensitive_attributes": [],
          "private": "bnVsbA==",
          "dependencies": [
            "data.http.networks"
          ]
        },
        {
          "index_key": "HMS Host",
          "schema_version": 0,
          "attributes": {
            "allow_routing": "disable",
            "associated_interface": "",
            "cache_ttl": 0,
            "clearpass_spt": "unknown",
            "color": 0,
            "comment": "",
            "country": "",
            "dynamic_sort_subtable": "false",
            "end_ip": "",
            "end_mac": "00:00:00:00:00:00",
            "epg_name": "",
            "fabric_object": "disable",
            "filter": "",
            "fqdn": "",
            "fsso_group": [],
            "id": "HMS Host",
            "interface": "",
            "list": [],
            "macaddr": [],
            "name": "HMS Host",
            "node_ip_only": "",
            "obj_id": "",
            "obj_tag": "",
            "obj_type": "ip",
            "organization": "",
            "policy_group": "",
            "sdn": "",
            "sdn_addr_type": "private",
            "sdn_tag": "",
            "start_ip": "",
            "start_mac": "00:00:00:00:00:00",
            "sub_type": "sdn",
            "subnet": "0.0.0.0 0.0.0.0",
            "subnet_name": "",
            "tag_detection_level": "",
            "tag_type": "",
            "tagging": [],
            "tenant": "",
            "type": "ipmask",
            "uuid": "ac6f1784-cb37-51ee-3a05-f13dc6fbac2a",
            "vdomparam": null,
            "visibility": "",
            "wildcard": "",
            "wildcard_fqdn": ""
          },
          "sensitive_attributes": [],
          "private": "bnVsbA==",
          "dependencies": [
            "data.http.networks"
          ]
        },
        {
          "index_key": "HPS Solutions",
          "schema_version": 0,
          "attributes": {
            "allow_routing": "disable",
            "associated_interface": "",
            "cache_ttl": 0,
            "clearpass_spt": "unknown",
            "color": 0,
            "comment": "",
            "country": "",
            "dynamic_sort_subtable": "false",
            "end_ip": "",
            "end_mac": "00:00:00:00:00:00",
            "epg_name": "",
            "fabric_object": "disable",
            "filter": "",
            "fqdn": "",
            "fsso_group": [],
            "id": "HPS Solutions",
            "interface": "",
            "list": [],
            "macaddr": [],
            "name": "HPS Solutions",
            "node_ip_only": "",
            "obj_id": "",
            "obj_tag": "",
            "obj_type": "ip",
            "organization": "",
            "policy_group": "",
            "sdn": "",
            "sdn_addr_type": "private",
            "sdn_tag": "",
            "start_ip": "",
            "start_mac": "00:00:00:00:00:00",
            "sub_type": "sdn",
            "subnet": "0.0.0.0 0.0.0.0",
            "subnet_name": "",
            "tag_detection_level": "",
            "tag_type": "",
            "tagging": [],
            "tenant": "",
            "type": "ipmask",
            "uuid": "ac7289fa-cb37-51ee-e466-557d2ed019e1",
            "vdomparam": null,
            "visibility": "",
            "wildcard": "",
            "wildcard_fqdn": ""
          },
          "sensitive_attributes": [],
          "private": "bnVsbA==",
          "dependencies": [
            "data.http.networks"
          ]
        },
        {
          "index_key": "HPS Vitalis",
          "schema_version": 0,
          "attributes": {
            "allow_routing": "disable",
            "associated_interface": "",
            "cache_ttl": 0,
            "clearpass_spt": "unknown",
            "color": 0,
            "comment": "",
            "country": "",
            "dynamic_sort_subtable": "false",
            "end_ip": "",
            "end_mac": "00:00:00:00:00:00",
            "epg_name": "",
            "fabric_object": "disable",
            "filter": "",
            "fqdn": "",
            "fsso_group": [],
            "id": "HPS Vitalis",
            "interface": "",
            "list": [],
            "macaddr": [],
            "name": "HPS Vitalis",
            "node_ip_only": "",
            "obj_id": "",
            "obj_tag": "",
            "obj_type": "ip",
            "organization": "",
            "policy_group": "",
            "sdn": "",
            "sdn_addr_type": "private",
            "sdn_tag": "",
            "start_ip": "",
            "start_mac": "00:00:00:00:00:00",
            "sub_type": "sdn",
            "subnet": "0.0.0.0 0.0.0.0",
            "subnet_name": "",
            "tag_detection_level": "",
            "tag_type": "",
            "tagging": [],
            "tenant": "",
            "type": "ipmask",
            "uuid": "ac8fd938-cb37-51ee-dee9-f8ebb85cc2f0",
            "vdomparam": null,
            "visibility": "",
            "wildcard": "",
            "wildcard_fqdn": ""
          },
          "sensitive_attributes": [],
          "private": "bnVsbA==",
          "dependencies": [
            "data.http.networks"
          ]
        },
        {
          "index_key": "HPS-Amaliawonen",
          "schema_version": 0,
          "attributes": {
            "allow_routing": "disable",
            "associated_interface": "",
            "cache_ttl": 0,
            "clearpass_spt": "unknown",
            "color": 0,
            "comment": "",
            "country": "",
            "dynamic_sort_subtable": "false",
            "end_ip": "",
            "end_mac": "00:00:00:00:00:00",
            "epg_name": "",
            "fabric_object": "disable",
            "filter": "",
            "fqdn": "",
            "fsso_group": [],
            "id": "HPS-Amaliawonen",
            "interface": "",
            "list": [],
            "macaddr": [],
            "name": "HPS-Amaliawonen",
            "node_ip_only": "",
            "obj_id": "",
            "obj_tag": "",
            "obj_type": "ip",
            "organization": "",
            "policy_group": "",
            "sdn": "",
            "sdn_addr_type": "private",
            "sdn_tag": "",
            "start_ip": "",
            "start_mac": "00:00:00:00:00:00",
            "sub_type": "sdn",
            "subnet": "0.0.0.0 0.0.0.0",
            "subnet_name": "",
            "tag_detection_level": "",
            "tag_type": "",
            "tagging": [],
            "tenant": "",
            "type": "ipmask",
            "uuid": "ac6a8d90-cb37-51ee-8d8d-0d40023108a8",
            "vdomparam": null,
            "visibility": "",
            "wildcard": "",
            "wildcard_fqdn": ""
          },
          "sensitive_attributes": [],
          "private": "bnVsbA==",
          "dependencies": [
            "data.http.networks"
          ]
        },
        {
          "index_key": "HPS-AmaliawonenT2",
          "schema_version": 0,
          "attributes": {
            "allow_routing": "disable",
            "associated_interface": "",
            "cache_ttl": 0,
            "clearpass_spt": "unknown",
            "color": 0,
            "comment": "",
            "country": "",
            "dynamic_sort_subtable": "false",
            "end_ip": "",
            "end_mac": "00:00:00:00:00:00",
            "epg_name": "",
            "fabric_object": "disable",
            "filter": "",
            "fqdn": "",
            "fsso_group": [],
            "id": "HPS-AmaliawonenT2",
            "interface": "",
            "list": [],
            "macaddr": [],
            "name": "HPS-AmaliawonenT2",
            "node_ip_only": "",
            "obj_id": "",
            "obj_tag": "",
            "obj_type": "ip",
            "organization": "",
            "policy_group": "",
            "sdn": "",
            "sdn_addr_type": "private",
            "sdn_tag": "",
            "start_ip": "",
            "start_mac": "00:00:00:00:00:00",
            "sub_type": "sdn",
            "subnet": "0.0.0.0 0.0.0.0",
            "subnet_name": "",
            "tag_detection_level": "",
            "tag_type": "",
            "tagging": [],
            "tenant": "",
            "type": "ipmask",
            "uuid": "ac988de4-cb37-51ee-34e4-8d0c6f5b34d3",
            "vdomparam": null,
            "visibility": "",
            "wildcard": "",
            "wildcard_fqdn": ""
          },
          "sensitive_attributes": [],
          "private": "bnVsbA==",
          "dependencies": [
            "data.http.networks"
          ]
        },
        {
          "index_key": "HPS-Mijzo",
          "schema_version": 0,
          "attributes": {
            "allow_routing": "disable",
            "associated_interface": "",
            "cache_ttl": 0,
            "clearpass_spt": "unknown",
            "color": 0,
            "comment": "",
            "country": "",
            "dynamic_sort_subtable": "false",
            "end_ip": "",
            "end_mac": "00:00:00:00:00:00",
            "epg_name": "",
            "fabric_object": "disable",
            "filter": "",
            "fqdn": "",
            "fsso_group": [],
            "id": "HPS-Mijzo",
            "interface": "",
            "list": [],
            "macaddr": [],
            "name": "HPS-Mijzo",
            "node_ip_only": "",
            "obj_id": "",
            "obj_tag": "",
            "obj_type": "ip",
            "organization": "",
            "policy_group": "",
            "sdn": "",
            "sdn_addr_type": "private",
            "sdn_tag": "",
            "start_ip": "",
            "start_mac": "00:00:00:00:00:00",
            "sub_type": "sdn",
            "subnet": "0.0.0.0 0.0.0.0",
            "subnet_name": "",
            "tag_detection_level": "",
            "tag_type": "",
            "tagging": [],
            "tenant": "",
            "type": "ipmask",
            "uuid": "ac93fb08-cb37-51ee-babb-60e22e651776",
            "vdomparam": null,
            "visibility": "",
            "wildcard": "",
            "wildcard_fqdn": ""
          },
          "sensitive_attributes": [],
          "private": "bnVsbA==",
          "dependencies": [
            "data.http.networks"
          ]
        },
        {
          "index_key": "HPS-Mijzo-T2",
          "schema_version": 0,
          "attributes": {
            "allow_routing": "disable",
            "associated_interface": "",
            "cache_ttl": 0,
            "clearpass_spt": "unknown",
            "color": 0,
            "comment": "",
            "country": "",
            "dynamic_sort_subtable": "false",
            "end_ip": "",
            "end_mac": "00:00:00:00:00:00",
            "epg_name": "",
            "fabric_object": "disable",
            "filter": "",
            "fqdn": "",
            "fsso_group": [],
            "id": "HPS-Mijzo-T2",
            "interface": "",
            "list": [],
            "macaddr": [],
            "name": "HPS-Mijzo-T2",
            "node_ip_only": "",
            "obj_id": "",
            "obj_tag": "",
            "obj_type": "ip",
            "organization": "",
            "policy_group": "",
            "sdn": "",
            "sdn_addr_type": "private",
            "sdn_tag": "",
            "start_ip": "",
            "start_mac": "00:00:00:00:00:00",
            "sub_type": "sdn",
            "subnet": "0.0.0.0 0.0.0.0",
            "subnet_name": "",
            "tag_detection_level": "",
            "tag_type": "",
            "tagging": [],
            "tenant": "",
            "type": "ipmask",
            "uuid": "ac891fbc-cb37-51ee-8101-ca68cf047f91",
            "vdomparam": null,
            "visibility": "",
            "wildcard": "",
            "wildcard_fqdn": ""
          },
          "sensitive_attributes": [],
          "private": "bnVsbA==",
          "dependencies": [
            "data.http.networks"
          ]
        },
        {
          "index_key": "HPS-Vitalis-T2",
          "schema_version": 0,
          "attributes": {
            "allow_routing": "disable",
            "associated_interface": "",
            "cache_ttl": 0,
            "clearpass_spt": "unknown",
            "color": 0,
            "comment": "",
            "country": "",
            "dynamic_sort_subtable": "false",
            "end_ip": "",
            "end_mac": "00:00:00:00:00:00",
            "epg_name": "",
            "fabric_object": "disable",
            "filter": "",
            "fqdn": "",
            "fsso_group": [],
            "id": "HPS-Vitalis-T2",
            "interface": "",
            "list": [],
            "macaddr": [],
            "name": "HPS-Vitalis-T2",
            "node_ip_only": "",
            "obj_id": "",
            "obj_tag": "",
            "obj_type": "ip",
            "organization": "",
            "policy_group": "",
            "sdn": "",
            "sdn_addr_type": "private",
            "sdn_tag": "",
            "start_ip": "",
            "start_mac": "00:00:00:00:00:00",
            "sub_type": "sdn",
            "subnet": "0.0.0.0 0.0.0.0",
            "subnet_name": "",
            "tag_detection_level": "",
            "tag_type": "",
            "tagging": [],
            "tenant": "",
            "type": "ipmask",
            "uuid": "ac7e6b62-cb37-51ee-dbb6-b10e83daa8a9",
            "vdomparam": null,
            "visibility": "",
            "wildcard": "",
            "wildcard_fqdn": ""
          },
          "sensitive_attributes": [],
          "private": "bnVsbA==",
          "dependencies": [
            "data.http.networks"
          ]
        },
        {
          "index_key": "ITgrid",
          "schema_version": 0,
          "attributes": {
            "allow_routing": "disable",
            "associated_interface": "",
            "cache_ttl": 0,
            "clearpass_spt": "unknown",
            "color": 0,
            "comment": "",
            "country": "",
            "dynamic_sort_subtable": "false",
            "end_ip": "",
            "end_mac": "00:00:00:00:00:00",
            "epg_name": "",
            "fabric_object": "disable",
            "filter": "",
            "fqdn": "",
            "fsso_group": [],
            "id": "ITgrid",
            "interface": "",
            "list": [],
            "macaddr": [],
            "name": "ITgrid",
            "node_ip_only": "",
            "obj_id": "",
            "obj_tag": "",
            "obj_type": "ip",
            "organization": "",
            "policy_group": "",
            "sdn": "",
            "sdn_addr_type": "private",
            "sdn_tag": "",
            "start_ip": "",
            "start_mac": "00:00:00:00:00:00",
            "sub_type": "sdn",
            "subnet": "0.0.0.0 0.0.0.0",
            "subnet_name": "",
            "tag_detection_level": "",
            "tag_type": "",
            "tagging": [],
            "tenant": "",
            "type": "ipmask",
            "uuid": "ac8ab854-cb37-51ee-ba10-59034282cb71",
            "vdomparam": null,
            "visibility": "",
            "wildcard": "",
            "wildcard_fqdn": ""
          },
          "sensitive_attributes": [],
          "private": "bnVsbA==",
          "dependencies": [
            "data.http.networks"
          ]
        },
        {
          "index_key": "MuniSense VPN netwerk",
          "schema_version": 0,
          "attributes": {
            "allow_routing": "disable",
            "associated_interface": "",
            "cache_ttl": 0,
            "clearpass_spt": "unknown",
            "color": 0,
            "comment": "",
            "country": "",
            "dynamic_sort_subtable": "false",
            "end_ip": "",
            "end_mac": "00:00:00:00:00:00",
            "epg_name": "",
            "fabric_object": "disable",
            "filter": "",
            "fqdn": "",
            "fsso_group": [],
            "id": "MuniSense VPN netwerk",
            "interface": "",
            "list": [],
            "macaddr": [],
            "name": "MuniSense VPN netwerk",
            "node_ip_only": "",
            "obj_id": "",
            "obj_tag": "",
            "obj_type": "ip",
            "organization": "",
            "policy_group": "",
            "sdn": "",
            "sdn_addr_type": "private",
            "sdn_tag": "",
            "start_ip": "",
            "start_mac": "00:00:00:00:00:00",
            "sub_type": "sdn",
            "subnet": "0.0.0.0 0.0.0.0",
            "subnet_name": "",
            "tag_detection_level": "",
            "tag_type": "",
            "tagging": [],
            "tenant": "",
            "type": "ipmask",
            "uuid": "ac6fa442-cb37-51ee-a759-f68c12c84ff2",
            "vdomparam": null,
            "visibility": "",
            "wildcard": "",
            "wildcard_fqdn": ""
          },
          "sensitive_attributes": [],
          "private": "bnVsbA==",
          "dependencies": [
            "data.http.networks"
          ]
        },
        {
          "index_key": "MuniSense-AWS",
          "schema_version": 0,
          "attributes": {
            "allow_routing": "disable",
            "associated_interface": "",
            "cache_ttl": 0,
            "clearpass_spt": "unknown",
            "color": 0,
            "comment": "",
            "country": "",
            "dynamic_sort_subtable": "false",
            "end_ip": "",
            "end_mac": "00:00:00:00:00:00",
            "epg_name": "",
            "fabric_object": "disable",
            "filter": "",
            "fqdn": "",
            "fsso_group": [],
            "id": "MuniSense-AWS",
            "interface": "",
            "list": [],
            "macaddr": [],
            "name": "MuniSense-AWS",
            "node_ip_only": "",
            "obj_id": "",
            "obj_tag": "",
            "obj_type": "ip",
            "organization": "",
            "policy_group": "",
            "sdn": "",
            "sdn_addr_type": "private",
            "sdn_tag": "",
            "start_ip": "",
            "start_mac": "00:00:00:00:00:00",
            "sub_type": "sdn",
            "subnet": "0.0.0.0 0.0.0.0",
            "subnet_name": "",
            "tag_detection_level": "",
            "tag_type": "",
            "tagging": [],
            "tenant": "",
            "type": "ipmask",
            "uuid": "ac6f6932-cb37-51ee-7c19-f727df4e67cd",
            "vdomparam": null,
            "visibility": "",
            "wildcard": "",
            "wildcard_fqdn": ""
          },
          "sensitive_attributes": [],
          "private": "bnVsbA==",
          "dependencies": [
            "data.http.networks"
          ]
        },
        {
          "index_key": "NXTCM",
          "schema_version": 0,
          "attributes": {
            "allow_routing": "disable",
            "associated_interface": "",
            "cache_ttl": 0,
            "clearpass_spt": "unknown",
            "color": 0,
            "comment": "",
            "country": "",
            "dynamic_sort_subtable": "false",
            "end_ip": "",
            "end_mac": "00:00:00:00:00:00",
            "epg_name": "",
            "fabric_object": "disable",
            "filter": "",
            "fqdn": "",
            "fsso_group": [],
            "id": "NXTCM",
            "interface": "",
            "list": [],
            "macaddr": [],
            "name": "NXTCM",
            "node_ip_only": "",
            "obj_id": "",
            "obj_tag": "",
            "obj_type": "ip",
            "organization": "",
            "policy_group": "",
            "sdn": "",
            "sdn_addr_type": "private",
            "sdn_tag": "",
            "start_ip": "",
            "start_mac": "00:00:00:00:00:00",
            "sub_type": "sdn",
            "subnet": "0.0.0.0 0.0.0.0",
            "subnet_name": "",
            "tag_detection_level": "",
            "tag_type": "",
            "tagging": [],
            "tenant": "",
            "type": "ipmask",
            "uuid": "ac6ddbda-cb37-51ee-7732-59a10713206a",
            "vdomparam": null,
            "visibility": "",
            "wildcard": "",
            "wildcard_fqdn": ""
          },
          "sensitive_attributes": [],
          "private": "bnVsbA==",
          "dependencies": [
            "data.http.networks"
          ]
        },
        {
          "index_key": "Quinnect-VPN",
          "schema_version": 0,
          "attributes": {
            "allow_routing": "disable",
            "associated_interface": "",
            "cache_ttl": 0,
            "clearpass_spt": "unknown",
            "color": 0,
            "comment": "",
            "country": "",
            "dynamic_sort_subtable": "false",
            "end_ip": "",
            "end_mac": "00:00:00:00:00:00",
            "epg_name": "",
            "fabric_object": "disable",
            "filter": "",
            "fqdn": "",
            "fsso_group": [],
            "id": "Quinnect-VPN",
            "interface": "",
            "list": [],
            "macaddr": [],
            "name": "Quinnect-VPN",
            "node_ip_only": "",
            "obj_id": "",
            "obj_tag": "",
            "obj_type": "ip",
            "organization": "",
            "policy_group": "",
            "sdn": "",
            "sdn_addr_type": "private",
            "sdn_tag": "",
            "start_ip": "",
            "start_mac": "00:00:00:00:00:00",
            "sub_type": "sdn",
            "subnet": "0.0.0.0 0.0.0.0",
            "subnet_name": "",
            "tag_detection_level": "",
            "tag_type": "",
            "tagging": [],
            "tenant": "",
            "type": "ipmask",
            "uuid": "ac94f062-cb37-51ee-2b9c-8cd4a26e5086",
            "vdomparam": null,
            "visibility": "",
            "wildcard": "",
            "wildcard_fqdn": ""
          },
          "sensitive_attributes": [],
          "private": "bnVsbA==",
          "dependencies": [
            "data.http.networks"
          ]
        },
        {
          "index_key": "QuinnectVPN",
          "schema_version": 0,
          "attributes": {
            "allow_routing": "disable",
            "associated_interface": "",
            "cache_ttl": 0,
            "clearpass_spt": "unknown",
            "color": 0,
            "comment": "",
            "country": "",
            "dynamic_sort_subtable": "false",
            "end_ip": "",
            "end_mac": "00:00:00:00:00:00",
            "epg_name": "",
            "fabric_object": "disable",
            "filter": "",
            "fqdn": "",
            "fsso_group": [],
            "id": "QuinnectVPN",
            "interface": "",
            "list": [],
            "macaddr": [],
            "name": "QuinnectVPN",
            "node_ip_only": "",
            "obj_id": "",
            "obj_tag": "",
            "obj_type": "ip",
            "organization": "",
            "policy_group": "",
            "sdn": "",
            "sdn_addr_type": "private",
            "sdn_tag": "",
            "start_ip": "",
            "start_mac": "00:00:00:00:00:00",
            "sub_type": "sdn",
            "subnet": "0.0.0.0 0.0.0.0",
            "subnet_name": "",
            "tag_detection_level": "",
            "tag_type": "",
            "tagging": [],
            "tenant": "",
            "type": "ipmask",
            "uuid": "ac9f3f7c-cb37-51ee-5620-f4a6161b1475",
            "vdomparam": null,
            "visibility": "",
            "wildcard": "",
            "wildcard_fqdn": ""
          },
          "sensitive_attributes": [],
          "private": "bnVsbA==",
          "dependencies": [
            "data.http.networks"
          ]
        },
        {
          "index_key": "RTS",
          "schema_version": 0,
          "attributes": {
            "allow_routing": "disable",
            "associated_interface": "",
            "cache_ttl": 0,
            "clearpass_spt": "unknown",
            "color": 0,
            "comment": "",
            "country": "",
            "dynamic_sort_subtable": "false",
            "end_ip": "",
            "end_mac": "00:00:00:00:00:00",
            "epg_name": "",
            "fabric_object": "disable",
            "filter": "",
            "fqdn": "",
            "fsso_group": [],
            "id": "RTS",
            "interface": "",
            "list": [],
            "macaddr": [],
            "name": "RTS",
            "node_ip_only": "",
            "obj_id": "",
            "obj_tag": "",
            "obj_type": "ip",
            "organization": "",
            "policy_group": "",
            "sdn": "",
            "sdn_addr_type": "private",
            "sdn_tag": "",
            "start_ip": "",
            "start_mac": "00:00:00:00:00:00",
            "sub_type": "sdn",
            "subnet": "0.0.0.0 0.0.0.0",
            "subnet_name": "",
            "tag_detection_level": "",
            "tag_type": "",
            "tagging": [],
            "tenant": "",
            "type": "ipmask",
            "uuid": "ac6c74e8-cb37-51ee-d057-0c0e4d7bcd42",
            "vdomparam": null,
            "visibility": "",
            "wildcard": "",
            "wildcard_fqdn": ""
          },
          "sensitive_attributes": [],
          "private": "bnVsbA==",
          "dependencies": [
            "data.http.networks"
          ]
        },
        {
          "index_key": "Rijk Zwaan",
          "schema_version": 0,
          "attributes": {
            "allow_routing": "disable",
            "associated_interface": "",
            "cache_ttl": 0,
            "clearpass_spt": "unknown",
            "color": 0,
            "comment": "",
            "country": "",
            "dynamic_sort_subtable": "false",
            "end_ip": "",
            "end_mac": "00:00:00:00:00:00",
            "epg_name": "",
            "fabric_object": "disable",
            "filter": "",
            "fqdn": "",
            "fsso_group": [],
            "id": "Rijk Zwaan",
            "interface": "",
            "list": [],
            "macaddr": [],
            "name": "Rijk Zwaan",
            "node_ip_only": "",
            "obj_id": "",
            "obj_tag": "",
            "obj_type": "ip",
            "organization": "",
            "policy_group": "",
            "sdn": "",
            "sdn_addr_type": "private",
            "sdn_tag": "",
            "start_ip": "",
            "start_mac": "00:00:00:00:00:00",
            "sub_type": "sdn",
            "subnet": "0.0.0.0 0.0.0.0",
            "subnet_name": "",
            "tag_detection_level": "",
            "tag_type": "",
            "tagging": [],
            "tenant": "",
            "type": "ipmask",
            "uuid": "ac8f85b4-cb37-51ee-7102-00d10f6d46b3",
            "vdomparam": null,
            "visibility": "",
            "wildcard": "",
            "wildcard_fqdn": ""
          },
          "sensitive_attributes": [],
          "private": "bnVsbA==",
          "dependencies": [
            "data.http.networks"
          ]
        },
        {
          "index_key": "SPJFIP",
          "schema_version": 0,
          "attributes": {
            "allow_routing": "disable",
            "associated_interface": "",
            "cache_ttl": 0,
            "clearpass_spt": "unknown",
            "color": 0,
            "comment": "",
            "country": "",
            "dynamic_sort_subtable": "false",
            "end_ip": "",
            "end_mac": "00:00:00:00:00:00",
            "epg_name": "",
            "fabric_object": "disable",
            "filter": "",
            "fqdn": "",
            "fsso_group": [],
            "id": "SPJFIP",
            "interface": "",
            "list": [],
            "macaddr": [],
            "name": "SPJFIP",
            "node_ip_only": "",
            "obj_id": "",
            "obj_tag": "",
            "obj_type": "ip",
            "organization": "",
            "policy_group": "",
            "sdn": "",
            "sdn_addr_type": "private",
            "sdn_tag": "",
            "start_ip": "",
            "start_mac": "00:00:00:00:00:00",
            "sub_type": "sdn",
            "subnet": "0.0.0.0 0.0.0.0",
            "subnet_name": "",
            "tag_detection_level": "",
            "tag_type": "",
            "tagging": [],
            "tenant": "",
            "type": "ipmask",
            "uuid": "ac87b73a-cb37-51ee-df34-a66783d5093b",
            "vdomparam": null,
            "visibility": "",
            "wildcard": "",
            "wildcard_fqdn": ""
          },
          "sensitive_attributes": [],
          "private": "bnVsbA==",
          "dependencies": [
            "data.http.networks"
          ]
        },
        {
          "index_key": "TRGVPN",
          "schema_version": 0,
          "attributes": {
            "allow_routing": "disable",
            "associated_interface": "",
            "cache_ttl": 0,
            "clearpass_spt": "unknown",
            "color": 0,
            "comment": "",
            "country": "",
            "dynamic_sort_subtable": "false",
            "end_ip": "",
            "end_mac": "00:00:00:00:00:00",
            "epg_name": "",
            "fabric_object": "disable",
            "filter": "",
            "fqdn": "",
            "fsso_group": [],
            "id": "TRGVPN",
            "interface": "",
            "list": [],
            "macaddr": [],
            "name": "TRGVPN",
            "node_ip_only": "",
            "obj_id": "",
            "obj_tag": "",
            "obj_type": "ip",
            "organization": "",
            "policy_group": "",
            "sdn": "",
            "sdn_addr_type": "private",
            "sdn_tag": "",
            "start_ip": "",
            "start_mac": "00:00:00:00:00:00",
            "sub_type": "sdn",
            "subnet": "0.0.0.0 0.0.0.0",
            "subnet_name": "",
            "tag_detection_level": "",
            "tag_type": "",
            "tagging": [],
            "tenant": "",
            "type": "ipmask",
            "uuid": "ac96ceb4-cb37-51ee-bc11-2af576a4824f",
            "vdomparam": null,
            "visibility": "",
            "wildcard": "",
            "wildcard_fqdn": ""
          },
          "sensitive_attributes": [],
          "private": "bnVsbA==",
          "dependencies": [
            "data.http.networks"
          ]
        },
        {
          "index_key": "TSG - public IP",
          "schema_version": 0,
          "attributes": {
            "allow_routing": "disable",
            "associated_interface": "",
            "cache_ttl": 0,
            "clearpass_spt": "unknown",
            "color": 0,
            "comment": "",
            "country": "",
            "dynamic_sort_subtable": "false",
            "end_ip": "",
            "end_mac": "00:00:00:00:00:00",
            "epg_name": "",
            "fabric_object": "disable",
            "filter": "",
            "fqdn": "",
            "fsso_group": [],
            "id": "TSG - public IP",
            "interface": "",
            "list": [],
            "macaddr": [],
            "name": "TSG - public IP",
            "node_ip_only": "",
            "obj_id": "",
            "obj_tag": "",
            "obj_type": "ip",
            "organization": "",
            "policy_group": "",
            "sdn": "",
            "sdn_addr_type": "private",
            "sdn_tag": "",
            "start_ip": "",
            "start_mac": "00:00:00:00:00:00",
            "sub_type": "sdn",
            "subnet": "0.0.0.0 0.0.0.0",
            "subnet_name": "",
            "tag_detection_level": "",
            "tag_type": "",
            "tagging": [],
            "tenant": "",
            "type": "ipmask",
            "uuid": "ac70519e-cb37-51ee-0257-8b454a0d1035",
            "vdomparam": null,
            "visibility": "",
            "wildcard": "",
            "wildcard_fqdn": ""
          },
          "sensitive_attributes": [],
          "private": "bnVsbA==",
          "dependencies": [
            "data.http.networks"
          ]
        },
        {
          "index_key": "TSG DT Fixed IP",
          "schema_version": 0,
          "attributes": {
            "allow_routing": "disable",
            "associated_interface": "",
            "cache_ttl": 0,
            "clearpass_spt": "unknown",
            "color": 0,
            "comment": "",
            "country": "",
            "dynamic_sort_subtable": "false",
            "end_ip": "",
            "end_mac": "00:00:00:00:00:00",
            "epg_name": "",
            "fabric_object": "disable",
            "filter": "",
            "fqdn": "",
            "fsso_group": [],
            "id": "TSG DT Fixed IP",
            "interface": "",
            "list": [],
            "macaddr": [],
            "name": "TSG DT Fixed IP",
            "node_ip_only": "",
            "obj_id": "",
            "obj_tag": "",
            "obj_type": "ip",
            "organization": "",
            "policy_group": "",
            "sdn": "",
            "sdn_addr_type": "private",
            "sdn_tag": "",
            "start_ip": "",
            "start_mac": "00:00:00:00:00:00",
            "sub_type": "sdn",
            "subnet": "0.0.0.0 0.0.0.0",
            "subnet_name": "",
            "tag_detection_level": "",
            "tag_type": "",
            "tagging": [],
            "tenant": "",
            "type": "ipmask",
            "uuid": "ac899a00-cb37-51ee-1eb9-0715caeb64ac",
            "vdomparam": null,
            "visibility": "",
            "wildcard": "",
            "wildcard_fqdn": ""
          },
          "sensitive_attributes": [],
          "private": "bnVsbA==",
          "dependencies": [
            "data.http.networks"
          ]
        },
        {
          "index_key": "test 3",
          "schema_version": 0,
          "attributes": {
            "allow_routing": "disable",
            "associated_interface": "",
            "cache_ttl": 0,
            "clearpass_spt": "unknown",
            "color": 0,
            "comment": "",
            "country": "",
            "dynamic_sort_subtable": "false",
            "end_ip": "",
            "end_mac": "00:00:00:00:00:00",
            "epg_name": "",
            "fabric_object": "disable",
            "filter": "",
            "fqdn": "",
            "fsso_group": [],
            "id": "test 3",
            "interface": "",
            "list": [],
            "macaddr": [],
            "name": "test 3",
            "node_ip_only": "",
            "obj_id": "",
            "obj_tag": "",
            "obj_type": "ip",
            "organization": "",
            "policy_group": "",
            "sdn": "",
            "sdn_addr_type": "private",
            "sdn_tag": "",
            "start_ip": "",
            "start_mac": "00:00:00:00:00:00",
            "sub_type": "sdn",
            "subnet": "0.0.0.0 0.0.0.0",
            "subnet_name": "",
            "tag_detection_level": "",
            "tag_type": "",
            "tagging": [],
            "tenant": "",
            "type": "ipmask",
            "uuid": "ac81e3d2-cb37-51ee-bf3a-b4435627cade",
            "vdomparam": null,
            "visibility": "",
            "wildcard": "",
            "wildcard_fqdn": ""
          },
          "sensitive_attributes": [],
          "private": "bnVsbA==",
          "dependencies": [
            "data.http.networks"
          ]
        },
        {
          "index_key": "test-network",
          "schema_version": 0,
          "attributes": {
            "allow_routing": "disable",
            "associated_interface": "",
            "cache_ttl": 0,
            "clearpass_spt": "unknown",
            "color": 0,
            "comment": "",
            "country": "",
            "dynamic_sort_subtable": "false",
            "end_ip": "",
            "end_mac": "00:00:00:00:00:00",
            "epg_name": "",
            "fabric_object": "disable",
            "filter": "",
            "fqdn": "",
            "fsso_group": [],
            "id": "test-network",
            "interface": "",
            "list": [],
            "macaddr": [],
            "name": "test-network",
            "node_ip_only": "",
            "obj_id": "",
            "obj_tag": "",
            "obj_type": "ip",
            "organization": "",
            "policy_group": "",
            "sdn": "",
            "sdn_addr_type": "private",
            "sdn_tag": "",
            "start_ip": "",
            "start_mac": "00:00:00:00:00:00",
            "sub_type": "sdn",
            "subnet": "0.0.0.0 0.0.0.0",
            "subnet_name": "",
            "tag_detection_level": "",
            "tag_type": "",
            "tagging": [],
            "tenant": "",
            "type": "ipmask",
            "uuid": "ac9bd666-cb37-51ee-9135-4b4195f2bfaf",
            "vdomparam": null,
            "visibility": "",
            "wildcard": "",
            "wildcard_fqdn": ""
          },
          "sensitive_attributes": [],
          "private": "bnVsbA==",
          "dependencies": [
            "data.http.networks"
          ]
        }
      ]
    }
  ],
  "check_results": null
}
